
Microsoft Visual Studio Solution File, Format Version 12.00
# Visual Studio Version 16
VisualStudioVersion = 16.0.31515.178
MinimumVisualStudioVersion = 10.0.40219.1
Project("{8BC9CEB8-8B4A-11D0-8D11-00A0C91BC942}") = "SDL2OPENGL", "SDL2OPENGL.vcxproj", "{41E21618-21B2-4435-B8E8-A23BB620DF26}"
EndProject
Project("{8BC9CEB8-8B4A-11D0-8D11-00A0C91BC942}") = "MSTests", "..\MSTests\MSTests.vcxproj", "{668B37B0-21BB-4C25-B9CD-353249B109A9}"
EndProject
Global
	GlobalSection(SolutionConfigurationPlatforms) = preSolution
		Debug|x64 = Debug|x64
		Debug|x86 = Debug|x86
		Release|x64 = Release|x64
		Release|x86 = Release|x86
	EndGlobalSection
	GlobalSection(ProjectConfigurationPlatforms) = postSolution
		{41E21618-21B2-4435-B8E8-A23BB620DF26}.Debug|x64.ActiveCfg = Debug|x64
		{41E21618-21B2-4435-B8E8-A23BB620DF26}.Debug|x64.Build.0 = Debug|x64
		{41E21618-21B2-4435-B8E8-A23BB620DF26}.Debug|x86.ActiveCfg = Debug|Win32
		{41E21618-21B2-4435-B8E8-A23BB620DF26}.Debug|x86.Build.0 = Debug|Win32
		{41E21618-21B2-4435-B8E8-A23BB620DF26}.Release|x64.ActiveCfg = Release|x64
		{41E21618-21B2-4435-B8E8-A23BB620DF26}.Release|x64.Build.0 = Release|x64
		{41E21618-21B2-4435-B8E8-A23BB620DF26}.Release|x86.ActiveCfg = Release|Win32
		{41E21618-21B2-4435-B8E8-A23BB620DF26}.Release|x86.Build.0 = Release|Win32
		{668B37B0-21BB-4C25-B9CD-353249B109A9}.Debug|x64.ActiveCfg = Debug|x64
		{668B37B0-21BB-4C25-B9CD-353249B109A9}.Debug|x64.Build.0 = Debug|x64
		{668B37B0-21BB-4C25-B9CD-353249B109A9}.Debug|x86.ActiveCfg = Debug|Win32
		{668B37B0-21BB-4C25-B9CD-353249B109A9}.Debug|x86.Build.0 = Debug|Win32
		{668B37B0-21BB-4C25-B9CD-353249B109A9}.Release|x64.ActiveCfg = Release|x64
		{668B37B0-21BB-4C25-B9CD-353249B109A9}.Release|x64.Build.0 = Release|x64
		{668B37B0-21BB-4C25-B9CD-353249B109A9}.Release|x86.ActiveCfg = Release|Win32
		{668B37B0-21BB-4C25-B9CD-353249B109A9}.Release|x86.Build.0 = Release|Win32
	EndGlobalSection
	GlobalSection(SolutionProperties) = preSolution
		HideSolutionNode = FALSE
	EndGlobalSection
	GlobalSection(ExtensibilityGlobals) = postSolution
		SolutionGuid = {565CD834-BA72-465F-8B22-34047E3E98E7}
	EndGlobalSection
EndGlobal
